
Microsoft Visual Studio Solution File, Format Version 12.00
# Visual Studio Version 16
VisualStudioVersion = 16.0.30225.117
MinimumVisualStudioVersion = 10.0.40219.1
Project("{FAE04EC0-301F-11D3-BF4B-00C04F79EFBC}") = "Funnny-Age-Calculator-Win32", "Funnny-Age-Calculator-Win32.csproj", "{0F39CA9C-05FC-4BA6-A4CD-D4DF2D6A2AC7}"
EndProject
Global
	GlobalSection(SolutionConfigurationPlatforms) = preSolution
		Debug|Any CPU = Debug|Any CPU
		Release|Any CPU = Release|Any CPU
	EndGlobalSection
	GlobalSection(ProjectConfigurationPlatforms) = postSolution
		{0F39CA9C-05FC-4BA6-A4CD-D4DF2D6A2AC7}.Debug|Any CPU.ActiveCfg = Debug|Any CPU
		{0F39CA9C-05FC-4BA6-A4CD-D4DF2D6A2AC7}.Debug|Any CPU.Build.0 = Debug|Any CPU
		{0F39CA9C-05FC-4BA6-A4CD-D4DF2D6A2AC7}.Release|Any CPU.ActiveCfg = Release|Any CPU
		{0F39CA9C-05FC-4BA6-A4CD-D4DF2D6A2AC7}.Release|Any CPU.Build.0 = Release|Any CPU
	EndGlobalSection
	GlobalSection(SolutionProperties) = preSolution
		HideSolutionNode = FALSE
	EndGlobalSection
	GlobalSection(ExtensibilityGlobals) = postSolution
		SolutionGuid = {0E64B664-6F54-46AE-92A0-9D4608E91769}
	EndGlobalSection
EndGlobal
